<?xml version="1.0" encoding="utf-8"?>
<Project ToolsVersion="14.0" xmlns="http://schemas.microsoft.com/developer/msbuild/2003">
  <ItemGroup>
    <CustomBuild Include="F:\Макарова\Example9.2\CMakeFiles\f0f4c2d680f625349e664350a99cd3a0\RUN_TESTS_force.rule">
      <Filter>CMake Rules</Filter>
    </CustomBuild>
  </ItemGroup>
  <ItemGroup>
    <Filter Include="CMake Rules">
      <UniqueIdentifier>{D7A0115A-1402-3802-8768-CDC933FCB024}</UniqueIdentifier>
    </Filter>
  </ItemGroup>
</Project>
