Microsoft Visual Studio Solution File, Format Version 12.00
# Visual Studio 14
Project("{8BC9CEB8-8B4A-11D0-8D11-00A0C91BC942}") = "ALL_BUILD", "ALL_BUILD.vcxproj", "{FDD8E54A-B052-3979-9BDF-5C53A6840702}"
	ProjectSection(ProjectDependencies) = postProject
		{0D137EE3-E196-3E52-BA50-9FEAB96266B3} = {0D137EE3-E196-3E52-BA50-9FEAB96266B3}
		{B5CA3F8F-0CEE-3BC4-9ECC-A32EFBA6E2C1} = {B5CA3F8F-0CEE-3BC4-9ECC-A32EFBA6E2C1}
		{9BFF1708-8A80-30B1-88F2-A009F2DE0DBD} = {9BFF1708-8A80-30B1-88F2-A009F2DE0DBD}
		{047FDC4C-FAF6-3713-947D-C6D23E883E78} = {047FDC4C-FAF6-3713-947D-C6D23E883E78}
		{89903517-C59B-3DE5-BEE1-287BC662DD72} = {89903517-C59B-3DE5-BEE1-287BC662DD72}
		{C347BD8E-02D5-3CC3-B409-CE358800C028} = {C347BD8E-02D5-3CC3-B409-CE358800C028}
	EndProjectSection
EndProject
Project("{8BC9CEB8-8B4A-11D0-8D11-00A0C91BC942}") = "INSTALL", "INSTALL.vcxproj", "{BD23D939-EC04-35BD-8691-1596BB46C5C8}"
	ProjectSection(ProjectDependencies) = postProject
		{FDD8E54A-B052-3979-9BDF-5C53A6840702} = {FDD8E54A-B052-3979-9BDF-5C53A6840702}
		{0D137EE3-E196-3E52-BA50-9FEAB96266B3} = {0D137EE3-E196-3E52-BA50-9FEAB96266B3}
	EndProjectSection
EndProject
Project("{8BC9CEB8-8B4A-11D0-8D11-00A0C91BC942}") = "RUN_TESTS", "RUN_TESTS.vcxproj", "{46D1E63B-A523-37B6-8E24-48D6A36295E0}"
	ProjectSection(ProjectDependencies) = postProject
		{0D137EE3-E196-3E52-BA50-9FEAB96266B3} = {0D137EE3-E196-3E52-BA50-9FEAB96266B3}
	EndProjectSection
EndProject
Project("{8BC9CEB8-8B4A-11D0-8D11-00A0C91BC942}") = "ZERO_CHECK", "..\\ZERO_CHECK.vcxproj", "{0D137EE3-E196-3E52-BA50-9FEAB96266B3}"
	ProjectSection(ProjectDependencies) = postProject
	EndProjectSection
EndProject
Project("{8BC9CEB8-8B4A-11D0-8D11-00A0C91BC942}") = "precise_num", "tests\precise_num.vcxproj", "{B5CA3F8F-0CEE-3BC4-9ECC-A32EFBA6E2C1}"
	ProjectSection(ProjectDependencies) = postProject
		{0D137EE3-E196-3E52-BA50-9FEAB96266B3} = {0D137EE3-E196-3E52-BA50-9FEAB96266B3}
	EndProjectSection
EndProject
Project("{8BC9CEB8-8B4A-11D0-8D11-00A0C91BC942}") = "precise_sum", "tests\precise_sum.vcxproj", "{9BFF1708-8A80-30B1-88F2-A009F2DE0DBD}"
	ProjectSection(ProjectDependencies) = postProject
		{0D137EE3-E196-3E52-BA50-9FEAB96266B3} = {0D137EE3-E196-3E52-BA50-9FEAB96266B3}
	EndProjectSection
EndProject
Project("{8BC9CEB8-8B4A-11D0-8D11-00A0C91BC942}") = "rank", "rank.vcxproj", "{047FDC4C-FAF6-3713-947D-C6D23E883E78}"
	ProjectSection(ProjectDependencies) = postProject
		{0D137EE3-E196-3E52-BA50-9FEAB96266B3} = {0D137EE3-E196-3E52-BA50-9FEAB96266B3}
	EndProjectSection
EndProject
Project("{8BC9CEB8-8B4A-11D0-8D11-00A0C91BC942}") = "simple", "tests\simple.vcxproj", "{89903517-C59B-3DE5-BEE1-287BC662DD72}"
	ProjectSection(ProjectDependencies) = postProject
		{0D137EE3-E196-3E52-BA50-9FEAB96266B3} = {0D137EE3-E196-3E52-BA50-9FEAB96266B3}
	EndProjectSection
EndProject
Project("{8BC9CEB8-8B4A-11D0-8D11-00A0C91BC942}") = "simple_sum", "tests\simple_sum.vcxproj", "{C347BD8E-02D5-3CC3-B409-CE358800C028}"
	ProjectSection(ProjectDependencies) = postProject
		{0D137EE3-E196-3E52-BA50-9FEAB96266B3} = {0D137EE3-E196-3E52-BA50-9FEAB96266B3}
	EndProjectSection
EndProject
Global
	GlobalSection(SolutionConfigurationPlatforms) = preSolution
		Debug|Win32 = Debug|Win32
		Release|Win32 = Release|Win32
		MinSizeRel|Win32 = MinSizeRel|Win32
		RelWithDebInfo|Win32 = RelWithDebInfo|Win32
	EndGlobalSection
	GlobalSection(ProjectConfigurationPlatforms) = postSolution
		{FDD8E54A-B052-3979-9BDF-5C53A6840702}.Debug|Win32.ActiveCfg = Debug|Win32
		{FDD8E54A-B052-3979-9BDF-5C53A6840702}.Debug|Win32.Build.0 = Debug|Win32
		{FDD8E54A-B052-3979-9BDF-5C53A6840702}.Release|Win32.ActiveCfg = Release|Win32
		{FDD8E54A-B052-3979-9BDF-5C53A6840702}.Release|Win32.Build.0 = Release|Win32
		{FDD8E54A-B052-3979-9BDF-5C53A6840702}.MinSizeRel|Win32.ActiveCfg = MinSizeRel|Win32
		{FDD8E54A-B052-3979-9BDF-5C53A6840702}.MinSizeRel|Win32.Build.0 = MinSizeRel|Win32
		{FDD8E54A-B052-3979-9BDF-5C53A6840702}.RelWithDebInfo|Win32.ActiveCfg = RelWithDebInfo|Win32
		{FDD8E54A-B052-3979-9BDF-5C53A6840702}.RelWithDebInfo|Win32.Build.0 = RelWithDebInfo|Win32
		{BD23D939-EC04-35BD-8691-1596BB46C5C8}.Debug|Win32.ActiveCfg = Debug|Win32
		{BD23D939-EC04-35BD-8691-1596BB46C5C8}.Release|Win32.ActiveCfg = Release|Win32
		{BD23D939-EC04-35BD-8691-1596BB46C5C8}.MinSizeRel|Win32.ActiveCfg = MinSizeRel|Win32
		{BD23D939-EC04-35BD-8691-1596BB46C5C8}.RelWithDebInfo|Win32.ActiveCfg = RelWithDebInfo|Win32
		{46D1E63B-A523-37B6-8E24-48D6A36295E0}.Debug|Win32.ActiveCfg = Debug|Win32
		{46D1E63B-A523-37B6-8E24-48D6A36295E0}.Release|Win32.ActiveCfg = Release|Win32
		{46D1E63B-A523-37B6-8E24-48D6A36295E0}.MinSizeRel|Win32.ActiveCfg = MinSizeRel|Win32
		{46D1E63B-A523-37B6-8E24-48D6A36295E0}.RelWithDebInfo|Win32.ActiveCfg = RelWithDebInfo|Win32
		{0D137EE3-E196-3E52-BA50-9FEAB96266B3}.Debug|Win32.ActiveCfg = Debug|Win32
		{0D137EE3-E196-3E52-BA50-9FEAB96266B3}.Debug|Win32.Build.0 = Debug|Win32
		{0D137EE3-E196-3E52-BA50-9FEAB96266B3}.Release|Win32.ActiveCfg = Release|Win32
		{0D137EE3-E196-3E52-BA50-9FEAB96266B3}.Release|Win32.Build.0 = Release|Win32
		{0D137EE3-E196-3E52-BA50-9FEAB96266B3}.MinSizeRel|Win32.ActiveCfg = MinSizeRel|Win32
		{0D137EE3-E196-3E52-BA50-9FEAB96266B3}.MinSizeRel|Win32.Build.0 = MinSizeRel|Win32
		{0D137EE3-E196-3E52-BA50-9FEAB96266B3}.RelWithDebInfo|Win32.ActiveCfg = RelWithDebInfo|Win32
		{0D137EE3-E196-3E52-BA50-9FEAB96266B3}.RelWithDebInfo|Win32.Build.0 = RelWithDebInfo|Win32
		{B5CA3F8F-0CEE-3BC4-9ECC-A32EFBA6E2C1}.Debug|Win32.ActiveCfg = Debug|Win32
		{B5CA3F8F-0CEE-3BC4-9ECC-A32EFBA6E2C1}.Debug|Win32.Build.0 = Debug|Win32
		{B5CA3F8F-0CEE-3BC4-9ECC-A32EFBA6E2C1}.Release|Win32.ActiveCfg = Release|Win32
		{B5CA3F8F-0CEE-3BC4-9ECC-A32EFBA6E2C1}.Release|Win32.Build.0 = Release|Win32
		{B5CA3F8F-0CEE-3BC4-9ECC-A32EFBA6E2C1}.MinSizeRel|Win32.ActiveCfg = MinSizeRel|Win32
		{B5CA3F8F-0CEE-3BC4-9ECC-A32EFBA6E2C1}.MinSizeRel|Win32.Build.0 = MinSizeRel|Win32
		{B5CA3F8F-0CEE-3BC4-9ECC-A32EFBA6E2C1}.RelWithDebInfo|Win32.ActiveCfg = RelWithDebInfo|Win32
		{B5CA3F8F-0CEE-3BC4-9ECC-A32EFBA6E2C1}.RelWithDebInfo|Win32.Build.0 = RelWithDebInfo|Win32
		{9BFF1708-8A80-30B1-88F2-A009F2DE0DBD}.Debug|Win32.ActiveCfg = Debug|Win32
		{9BFF1708-8A80-30B1-88F2-A009F2DE0DBD}.Debug|Win32.Build.0 = Debug|Win32
		{9BFF1708-8A80-30B1-88F2-A009F2DE0DBD}.Release|Win32.ActiveCfg = Release|Win32
		{9BFF1708-8A80-30B1-88F2-A009F2DE0DBD}.Release|Win32.Build.0 = Release|Win32
		{9BFF1708-8A80-30B1-88F2-A009F2DE0DBD}.MinSizeRel|Win32.ActiveCfg = MinSizeRel|Win32
		{9BFF1708-8A80-30B1-88F2-A009F2DE0DBD}.MinSizeRel|Win32.Build.0 = MinSizeRel|Win32
		{9BFF1708-8A80-30B1-88F2-A009F2DE0DBD}.RelWithDebInfo|Win32.ActiveCfg = RelWithDebInfo|Win32
		{9BFF1708-8A80-30B1-88F2-A009F2DE0DBD}.RelWithDebInfo|Win32.Build.0 = RelWithDebInfo|Win32
		{047FDC4C-FAF6-3713-947D-C6D23E883E78}.Debug|Win32.ActiveCfg = Debug|Win32
		{047FDC4C-FAF6-3713-947D-C6D23E883E78}.Debug|Win32.Build.0 = Debug|Win32
		{047FDC4C-FAF6-3713-947D-C6D23E883E78}.Release|Win32.ActiveCfg = Release|Win32
		{047FDC4C-FAF6-3713-947D-C6D23E883E78}.Release|Win32.Build.0 = Release|Win32
		{047FDC4C-FAF6-3713-947D-C6D23E883E78}.MinSizeRel|Win32.ActiveCfg = MinSizeRel|Win32
		{047FDC4C-FAF6-3713-947D-C6D23E883E78}.MinSizeRel|Win32.Build.0 = MinSizeRel|Win32
		{047FDC4C-FAF6-3713-947D-C6D23E883E78}.RelWithDebInfo|Win32.ActiveCfg = RelWithDebInfo|Win32
		{047FDC4C-FAF6-3713-947D-C6D23E883E78}.RelWithDebInfo|Win32.Build.0 = RelWithDebInfo|Win32
		{89903517-C59B-3DE5-BEE1-287BC662DD72}.Debug|Win32.ActiveCfg = Debug|Win32
		{89903517-C59B-3DE5-BEE1-287BC662DD72}.Debug|Win32.Build.0 = Debug|Win32
		{89903517-C59B-3DE5-BEE1-287BC662DD72}.Release|Win32.ActiveCfg = Release|Win32
		{89903517-C59B-3DE5-BEE1-287BC662DD72}.Release|Win32.Build.0 = Release|Win32
		{89903517-C59B-3DE5-BEE1-287BC662DD72}.MinSizeRel|Win32.ActiveCfg = MinSizeRel|Win32
		{89903517-C59B-3DE5-BEE1-287BC662DD72}.MinSizeRel|Win32.Build.0 = MinSizeRel|Win32
		{89903517-C59B-3DE5-BEE1-287BC662DD72}.RelWithDebInfo|Win32.ActiveCfg = RelWithDebInfo|Win32
		{89903517-C59B-3DE5-BEE1-287BC662DD72}.RelWithDebInfo|Win32.Build.0 = RelWithDebInfo|Win32
		{C347BD8E-02D5-3CC3-B409-CE358800C028}.Debug|Win32.ActiveCfg = Debug|Win32
		{C347BD8E-02D5-3CC3-B409-CE358800C028}.Debug|Win32.Build.0 = Debug|Win32
		{C347BD8E-02D5-3CC3-B409-CE358800C028}.Release|Win32.ActiveCfg = Release|Win32
		{C347BD8E-02D5-3CC3-B409-CE358800C028}.Release|Win32.Build.0 = Release|Win32
		{C347BD8E-02D5-3CC3-B409-CE358800C028}.MinSizeRel|Win32.ActiveCfg = MinSizeRel|Win32
		{C347BD8E-02D5-3CC3-B409-CE358800C028}.MinSizeRel|Win32.Build.0 = MinSizeRel|Win32
		{C347BD8E-02D5-3CC3-B409-CE358800C028}.RelWithDebInfo|Win32.ActiveCfg = RelWithDebInfo|Win32
		{C347BD8E-02D5-3CC3-B409-CE358800C028}.RelWithDebInfo|Win32.Build.0 = RelWithDebInfo|Win32
	EndGlobalSection
	GlobalSection(ExtensibilityGlobals) = postSolution
		SolutionGuid = {7A78F35E-2476-3499-BABE-C6D0BD7F11FD}
	EndGlobalSection
	GlobalSection(ExtensibilityAddIns) = postSolution
	EndGlobalSection
EndGlobal
